
Microsoft Visual Studio Solution File, Format Version 12.00
# Visual Studio Version 16
VisualStudioVersion = 16.0.31019.35
MinimumVisualStudioVersion = 10.0.40219.1
Project("{FAE04EC0-301F-11D3-BF4B-00C04F79EFBC}") = "MiCrudCito", "MiCrudCito\MiCrudCito.csproj", "{091F9904-276E-4CB2-B288-E8C219B6AD8D}"
EndProject
Global
	GlobalSection(SolutionConfigurationPlatforms) = preSolution
		Debug|Any CPU = Debug|Any CPU
		Release|Any CPU = Release|Any CPU
	EndGlobalSection
	GlobalSection(ProjectConfigurationPlatforms) = postSolution
		{091F9904-276E-4CB2-B288-E8C219B6AD8D}.Debug|Any CPU.ActiveCfg = Debug|Any CPU
		{091F9904-276E-4CB2-B288-E8C219B6AD8D}.Debug|Any CPU.Build.0 = Debug|Any CPU
		{091F9904-276E-4CB2-B288-E8C219B6AD8D}.Release|Any CPU.ActiveCfg = Release|Any CPU
		{091F9904-276E-4CB2-B288-E8C219B6AD8D}.Release|Any CPU.Build.0 = Release|Any CPU
	EndGlobalSection
	GlobalSection(SolutionProperties) = preSolution
		HideSolutionNode = FALSE
	EndGlobalSection
	GlobalSection(ExtensibilityGlobals) = postSolution
		SolutionGuid = {1D39BFA5-782F-4951-AA06-6D4D734B046E}
	EndGlobalSection
EndGlobal
